
Microsoft Visual Studio Solution File, Format Version 12.00
# Visual Studio 14
VisualStudioVersion = 14.0.25123.0
MinimumVisualStudioVersion = 10.0.40219.1
Project("{FAE04EC0-301F-11D3-BF4B-00C04F79EFBC}") = "FileParser.Domain", "FileParser.Domain\FileParser.Domain.csproj", "{FC908540-A406-45FC-9E56-72887408A10F}"
EndProject
Project("{FAE04EC0-301F-11D3-BF4B-00C04F79EFBC}") = "FileParser.Test", "FileParser.Test\FileParser.Test.csproj", "{BFE616FB-1F5F-4FB3-9D8F-725398B1A83C}"
EndProject
Project("{FAE04EC0-301F-11D3-BF4B-00C04F79EFBC}") = "FileParser.Console", "FileParser.Console\FileParser.Console.csproj", "{B0461846-9AE0-4B59-862C-6DC55B817F4D}"
EndProject
Project("{FAE04EC0-301F-11D3-BF4B-00C04F79EFBC}") = "FileParser.WebApi", "FileParser.WebApi\FileParser.WebApi.csproj", "{989A1EE8-B074-4D51-9FE2-053514FFD885}"
EndProject
Global
	GlobalSection(SolutionConfigurationPlatforms) = preSolution
		Debug|Any CPU = Debug|Any CPU
		Release|Any CPU = Release|Any CPU
	EndGlobalSection
	GlobalSection(ProjectConfigurationPlatforms) = postSolution
		{FC908540-A406-45FC-9E56-72887408A10F}.Debug|Any CPU.ActiveCfg = Debug|Any CPU
		{FC908540-A406-45FC-9E56-72887408A10F}.Debug|Any CPU.Build.0 = Debug|Any CPU
		{FC908540-A406-45FC-9E56-72887408A10F}.Release|Any CPU.ActiveCfg = Release|Any CPU
		{FC908540-A406-45FC-9E56-72887408A10F}.Release|Any CPU.Build.0 = Release|Any CPU
		{BFE616FB-1F5F-4FB3-9D8F-725398B1A83C}.Debug|Any CPU.ActiveCfg = Debug|Any CPU
		{BFE616FB-1F5F-4FB3-9D8F-725398B1A83C}.Debug|Any CPU.Build.0 = Debug|Any CPU
		{BFE616FB-1F5F-4FB3-9D8F-725398B1A83C}.Release|Any CPU.ActiveCfg = Release|Any CPU
		{BFE616FB-1F5F-4FB3-9D8F-725398B1A83C}.Release|Any CPU.Build.0 = Release|Any CPU
		{B0461846-9AE0-4B59-862C-6DC55B817F4D}.Debug|Any CPU.ActiveCfg = Debug|Any CPU
		{B0461846-9AE0-4B59-862C-6DC55B817F4D}.Debug|Any CPU.Build.0 = Debug|Any CPU
		{B0461846-9AE0-4B59-862C-6DC55B817F4D}.Release|Any CPU.ActiveCfg = Release|Any CPU
		{B0461846-9AE0-4B59-862C-6DC55B817F4D}.Release|Any CPU.Build.0 = Release|Any CPU
		{989A1EE8-B074-4D51-9FE2-053514FFD885}.Debug|Any CPU.ActiveCfg = Debug|Any CPU
		{989A1EE8-B074-4D51-9FE2-053514FFD885}.Debug|Any CPU.Build.0 = Debug|Any CPU
		{989A1EE8-B074-4D51-9FE2-053514FFD885}.Release|Any CPU.ActiveCfg = Release|Any CPU
		{989A1EE8-B074-4D51-9FE2-053514FFD885}.Release|Any CPU.Build.0 = Release|Any CPU
	EndGlobalSection
	GlobalSection(SolutionProperties) = preSolution
		HideSolutionNode = FALSE
	EndGlobalSection
EndGlobal
